{
  "name": "@proyth/language",
  "version": "1.0.0",
  "lockfileVersion": 1,
  "requires": true,
  "dependencies": {
    "@singleware/class": {
      "version": "1.1.19",
      "resolved": "https://registry.npmjs.org/@singleware/class/-/class-1.1.19.tgz",
      "integrity": "sha512-WDZ+FF8Y+HCMvO3FDbl1id2AT/1GK96DQsg4ukmK3ESqudppbXXVzQe7UdaQJFpWw8yBifm+zAucUgGufXtQiQ=="
    },
    "@singleware/parsing": {
      "version": "1.0.4",
      "resolved": "https://registry.npmjs.org/@singleware/parsing/-/parsing-1.0.4.tgz",
      "integrity": "sha512-E6kkLJ60YuGceDWgwVLqVgcr8N3P8txiWIOvbqH02Afx8bjbeqx9ULhOW5Q2ffiU20/gnOcDLiQeTjFC/iM7mw==",
      "requires": {
        "@singleware/class": "^1.1.19"
      }
    },
    "@singleware/testing": {
      "version": "1.0.1",
      "resolved": "https://registry.npmjs.org/@singleware/testing/-/testing-1.0.1.tgz",
      "integrity": "sha512-eei5h/rnSRGWaaeUtinAOdfy6oOOY7v7XLbp7uLt4wQap5Yejk+Xfe6nXJxI/abWX7g4fyn9WJgQ+rNlvNqA4g==",
      "dev": true,
      "requires": {
        "@singleware/class": "^1.1.19"
      }
    },
    "@types/node": {
      "version": "10.14.4",
      "resolved": "https://registry.npmjs.org/@types/node/-/node-10.14.4.tgz",
      "integrity": "sha512-DT25xX/YgyPKiHFOpNuANIQIVvYEwCWXgK2jYYwqgaMrYE6+tq+DtmMwlD3drl6DJbUwtlIDnn0d7tIn/EbXBg==",
      "dev": true
    },
    "prettier": {
      "version": "1.17.0",
      "resolved": "https://registry.npmjs.org/prettier/-/prettier-1.17.0.tgz",
      "integrity": "sha512-sXe5lSt2WQlCbydGETgfm1YBShgOX4HxQkFPvbxkcwgDvGDeqVau8h+12+lmSVlP3rHPz0oavfddSZg/q+Szjw==",
      "dev": true
    },
    "typescript": {
      "version": "3.4.3",
      "resolved": "https://registry.npmjs.org/typescript/-/typescript-3.4.3.tgz",
      "integrity": "sha512-FFgHdPt4T/duxx6Ndf7hwgMZZjZpB+U0nMNGVCYPq0rEzWKjEDobm4J6yb3CS7naZ0yURFqdw9Gwc7UOh/P9oQ==",
      "dev": true
    }
  }
}
